// !$*UTF8*$!
{
	archiveVersion = 1;
	classes = {
	};
	objectVersion = 56;
	objects = {

/* Begin PBXBuildFile section */
		5946BABF2B17B33000803E95 /* biomarkersApp.swift in Sources */ = {isa = PBXBuildFile; fileRef = 5946BABE2B17B33000803E95 /* biomarkersApp.swift */; };
		5946BAC12B17B33000803E95 /* ContentView.swift in Sources */ = {isa = PBXBuildFile; fileRef = 5946BAC02B17B33000803E95 /* ContentView.swift */; };
		5946BAC32B17B33200803E95 /* Assets.xcassets in Resources */ = {isa = PBXBuildFile; fileRef = 5946BAC22B17B33200803E95 /* Assets.xcassets */; };
		5946BAC62B17B33200803E95 /* Preview Assets.xcassets in Resources */ = {isa = PBXBuildFile; fileRef = 5946BAC52B17B33200803E95 /* Preview Assets.xcassets */; };
		5946BAD02B17B33200803E95 /* biomarkersTests.swift in Sources */ = {isa = PBXBuildFile; fileRef = 5946BACF2B17B33200803E95 /* biomarkersTests.swift */; };
		5946BADA2B17B33200803E95 /* biomarkersUITests.swift in Sources */ = {isa = PBXBuildFile; fileRef = 5946BAD92B17B33200803E95 /* biomarkersUITests.swift */; };
		5946BADC2B17B33200803E95 /* biomarkersUITestsLaunchTests.swift in Sources */ = {isa = PBXBuildFile; fileRef = 5946BADB2B17B33200803E95 /* biomarkersUITestsLaunchTests.swift */; };
/* End PBXBuildFile section */

/* Begin PBXContainerItemProxy section */
		5946BACC2B17B33200803E95 /* PBXContainerItemProxy */ = {
			isa = PBXContainerItemProxy;
			containerPortal = 5946BAB32B17B33000803E95 /* Project object */;
			proxyType = 1;
			remoteGlobalIDString = 5946BABA2B17B33000803E95;
			remoteInfo = biomarkers;
		};
		5946BAD62B17B33200803E95 /* PBXContainerItemProxy */ = {
			isa = PBXContainerItemProxy;
			containerPortal = 5946BAB32B17B33000803E95 /* Project object */;
			proxyType = 1;
			remoteGlobalIDString = 5946BABA2B17B33000803E95;
			remoteInfo = biomarkers;
		};
/* End PBXContainerItemProxy section */

/* Begin PBXFileReference section */
		5946BABB2B17B33000803E95 /* biomarkers.app */ = {isa = PBXFileReference; explicitFileType = wrapper.application; includeInIndex = 0; path = biomarkers.app; sourceTree = BUILT_PRODUCTS_DIR; };
		5946BABE2B17B33000803E95 /* biomarkersApp.swift */ = {isa = PBXFileReference; lastKnownFileType = sourcecode.swift; path = biomarkersApp.swift; sourceTree = "<group>"; };
		5946BAC02B17B33000803E95 /* ContentView.swift */ = {isa = PBXFileReference; lastKnownFileType = sourcecode.swift; path = ContentView.swift; sourceTree = "<group>"; };
		5946BAC22B17B33200803E95 /* Assets.xcassets */ = {isa = PBXFileReference; lastKnownFileType = folder.assetcatalog; path = Assets.xcassets; sourceTree = "<group>"; };
		5946BAC52B17B33200803E95 /* Preview Assets.xcassets */ = {isa = PBXFileReference; lastKnownFileType = folder.assetcatalog; path = "Preview Assets.xcassets"; sourceTree = "<group>"; };
		5946BACB2B17B33200803E95 /* biomarkersTests.xctest */ = {isa = PBXFileReference; explicitFileType = wrapper.cfbundle; includeInIndex = 0; path = biomarkersTests.xctest; sourceTree = BUILT_PRODUCTS_DIR; };
		5946BACF2B17B33200803E95 /* biomarkersTests.swift */ = {isa = PBXFileReference; lastKnownFileType = sourcecode.swift; path = biomarkersTests.swift; sourceTree = "<group>"; };
		5946BAD52B17B33200803E95 /* biomarkersUITests.xctest */ = {isa = PBXFileReference; explicitFileType = wrapper.cfbundle; includeInIndex = 0; path = biomarkersUITests.xctest; sourceTree = BUILT_PRODUCTS_DIR; };
		5946BAD92B17B33200803E95 /* biomarkersUITests.swift */ = {isa = PBXFileReference; lastKnownFileType = sourcecode.swift; path = biomarkersUITests.swift; sourceTree = "<group>"; };
		5946BADB2B17B33200803E95 /* biomarkersUITestsLaunchTests.swift */ = {isa = PBXFileReference; lastKnownFileType = sourcecode.swift; path = biomarkersUITestsLaunchTests.swift; sourceTree = "<group>"; };
/* End PBXFileReference section */

/* Begin PBXFrameworksBuildPhase section */
		5946BAB82B17B33000803E95 /* Frameworks */ = {
			isa = PBXFrameworksBuildPhase;
			buildActionMask = 2147483647;
			files = (
			);
			runOnlyForDeploymentPostprocessing = 0;
		};
		5946BAC82B17B33200803E95 /* Frameworks */ = {
			isa = PBXFrameworksBuildPhase;
			buildActionMask = 2147483647;
			files = (
			);
			runOnlyForDeploymentPostprocessing = 0;
		};
		5946BAD22B17B33200803E95 /* Frameworks */ = {
			isa = PBXFrameworksBuildPhase;
			buildActionMask = 2147483647;
			files = (
			);
			runOnlyForDeploymentPostprocessing = 0;
		};
/* End PBXFrameworksBuildPhase section */

/* Begin PBXGroup section */
		5946BAB22B17B33000803E95 = {
			isa = PBXGroup;
			children = (
				5946BABD2B17B33000803E95 /* biomarkers */,
				5946BACE2B17B33200803E95 /* biomarkersTests */,
				5946BAD82B17B33200803E95 /* biomarkersUITests */,
				5946BABC2B17B33000803E95 /* Products */,
			);
			sourceTree = "<group>";
		};
		5946BABC2B17B33000803E95 /* Products */ = {
			isa = PBXGroup;
			children = (
				5946BABB2B17B33000803E95 /* biomarkers.app */,
				5946BACB2B17B33200803E95 /* biomarkersTests.xctest */,
				5946BAD52B17B33200803E95 /* biomarkersUITests.xctest */,
			);
			name = Products;
			sourceTree = "<group>";
		};
		5946BABD2B17B33000803E95 /* biomarkers */ = {
			isa = PBXGroup;
			children = (
				5946BABE2B17B33000803E95 /* biomarkersApp.swift */,
				5946BAC02B17B33000803E95 /* ContentView.swift */,
				5946BAC22B17B33200803E95 /* Assets.xcassets */,
				5946BAC42B17B33200803E95 /* Preview Content */,
			);
			path = biomarkers;
			sourceTree = "<group>";
		};
		5946BAC42B17B33200803E95 /* Preview Content */ = {
			isa = PBXGroup;
			children = (
				5946BAC52B17B33200803E95 /* Preview Assets.xcassets */,
			);
			path = "Preview Content";
			sourceTree = "<group>";
		};
		5946BACE2B17B33200803E95 /* biomarkersTests */ = {
			isa = PBXGroup;
			children = (
				5946BACF2B17B33200803E95 /* biomarkersTests.swift */,
			);
			path = biomarkersTests;
			sourceTree = "<group>";
		};
		5946BAD82B17B33200803E95 /* biomarkersUITests */ = {
			isa = PBXGroup;
			children = (
				5946BAD92B17B33200803E95 /* biomarkersUITests.swift */,
				5946BADB2B17B33200803E95 /* biomarkersUITestsLaunchTests.swift */,
			);
			path = biomarkersUITests;
			sourceTree = "<group>";
		};
/* End PBXGroup section */

/* Begin PBXNativeTarget section */
		5946BABA2B17B33000803E95 /* biomarkers */ = {
			isa = PBXNativeTarget;
			buildConfigurationList = 5946BADF2B17B33200803E95 /* Build configuration list for PBXNativeTarget "biomarkers" */;
			buildPhases = (
				5946BAB72B17B33000803E95 /* Sources */,
				5946BAB82B17B33000803E95 /* Frameworks */,
				5946BAB92B17B33000803E95 /* Resources */,
			);
			buildRules = (
			);
			dependencies = (
			);
			name = biomarkers;
			productName = biomarkers;
			productReference = 5946BABB2B17B33000803E95 /* biomarkers.app */;
			productType = "com.apple.product-type.application";
		};
		5946BACA2B17B33200803E95 /* biomarkersTests */ = {
			isa = PBXNativeTarget;
			buildConfigurationList = 5946BAE22B17B33200803E95 /* Build configuration list for PBXNativeTarget "biomarkersTests" */;
			buildPhases = (
				5946BAC72B17B33200803E95 /* Sources */,
				5946BAC82B17B33200803E95 /* Frameworks */,
				5946BAC92B17B33200803E95 /* Resources */,
			);
			buildRules = (
			);
			dependencies = (
				5946BACD2B17B33200803E95 /* PBXTargetDependency */,
			);
			name = biomarkersTests;
			productName = biomarkersTests;
			productReference = 5946BACB2B17B33200803E95 /* biomarkersTests.xctest */;
			productType = "com.apple.product-type.bundle.unit-test";
		};
		5946BAD42B17B33200803E95 /* biomarkersUITests */ = {
			isa = PBXNativeTarget;
			buildConfigurationList = 5946BAE52B17B33200803E95 /* Build configuration list for PBXNativeTarget "biomarkersUITests" */;
			buildPhases = (
				5946BAD12B17B33200803E95 /* Sources */,
				5946BAD22B17B33200803E95 /* Frameworks */,
				5946BAD32B17B33200803E95 /* Resources */,
			);
			buildRules = (
			);
			dependencies = (
				5946BAD72B17B33200803E95 /* PBXTargetDependency */,
			);
			name = biomarkersUITests;
			productName = biomarkersUITests;
			productReference = 5946BAD52B17B33200803E95 /* biomarkersUITests.xctest */;
			productType = "com.apple.product-type.bundle.ui-testing";
		};
/* End PBXNativeTarget section */

/* Begin PBXProject section */
		5946BAB32B17B33000803E95 /* Project object */ = {
			isa = PBXProject;
			attributes = {
				BuildIndependentTargetsInParallel = 1;
				LastSwiftUpdateCheck = 1420;
				LastUpgradeCheck = 1420;
				TargetAttributes = {
					5946BABA2B17B33000803E95 = {
						CreatedOnToolsVersion = 14.2;
					};
					5946BACA2B17B33200803E95 = {
						CreatedOnToolsVersion = 14.2;
						TestTargetID = 5946BABA2B17B33000803E95;
					};
					5946BAD42B17B33200803E95 = {
						CreatedOnToolsVersion = 14.2;
						TestTargetID = 5946BABA2B17B33000803E95;
					};
				};
			};
			buildConfigurationList = 5946BAB62B17B33000803E95 /* Build configuration list for PBXProject "biomarkers" */;
			compatibilityVersion = "Xcode 14.0";
			developmentRegion = en;
			hasScannedForEncodings = 0;
			knownRegions = (
				en,
				Base,
			);
			mainGroup = 5946BAB22B17B33000803E95;
			productRefGroup = 5946BABC2B17B33000803E95 /* Products */;
			projectDirPath = "";
			projectRoot = "";
			targets = (
				5946BABA2B17B33000803E95 /* biomarkers */,
				5946BACA2B17B33200803E95 /* biomarkersTests */,
				5946BAD42B17B33200803E95 /* biomarkersUITests */,
			);
		};
/* End PBXProject section */

/* Begin PBXResourcesBuildPhase section */
		5946BAB92B17B33000803E95 /* Resources */ = {
			isa = PBXResourcesBuildPhase;
			buildActionMask = 2147483647;
			files = (
				5946BAC62B17B33200803E95 /* Preview Assets.xcassets in Resources */,
				5946BAC32B17B33200803E95 /* Assets.xcassets in Resources */,
			);
			runOnlyForDeploymentPostprocessing = 0;
		};
		5946BAC92B17B33200803E95 /* Resources */ = {
			isa = PBXResourcesBuildPhase;
			buildActionMask = 2147483647;
			files = (
			);
			runOnlyForDeploymentPostprocessing = 0;
		};
		5946BAD32B17B33200803E95 /* Resources */ = {
			isa = PBXResourcesBuildPhase;
			buildActionMask = 2147483647;
			files = (
			);
			runOnlyForDeploymentPostprocessing = 0;
		};
/* End PBXResourcesBuildPhase section */

/* Begin PBXSourcesBuildPhase section */
		5946BAB72B17B33000803E95 /* Sources */ = {
			isa = PBXSourcesBuildPhase;
			buildActionMask = 2147483647;
			files = (
				5946BAC12B17B33000803E95 /* ContentView.swift in Sources */,
				5946BABF2B17B33000803E95 /* biomarkersApp.swift in Sources */,
			);
			runOnlyForDeploymentPostprocessing = 0;
		};
		5946BAC72B17B33200803E95 /* Sources */ = {
			isa = PBXSourcesBuildPhase;
			buildActionMask = 2147483647;
			files = (
				5946BAD02B17B33200803E95 /* biomarkersTests.swift in Sources */,
			);
			runOnlyForDeploymentPostprocessing = 0;
		};
		5946BAD12B17B33200803E95 /* Sources */ = {
			isa = PBXSourcesBuildPhase;
			buildActionMask = 2147483647;
			files = (
				5946BADA2B17B33200803E95 /* biomarkersUITests.swift in Sources */,
				5946BADC2B17B33200803E95 /* biomarkersUITestsLaunchTests.swift in Sources */,
			);
			runOnlyForDeploymentPostprocessing = 0;
		};
/* End PBXSourcesBuildPhase section */

/* Begin PBXTargetDependency section */
		5946BACD2B17B33200803E95 /* PBXTargetDependency */ = {
			isa = PBXTargetDependency;
			target = 5946BABA2B17B33000803E95 /* biomarkers */;
			targetProxy = 5946BACC2B17B33200803E95 /* PBXContainerItemProxy */;
		};
		5946BAD72B17B33200803E95 /* PBXTargetDependency */ = {
			isa = PBXTargetDependency;
			target = 5946BABA2B17B33000803E95 /* biomarkers */;
			targetProxy = 5946BAD62B17B33200803E95 /* PBXContainerItemProxy */;
		};
/* End PBXTargetDependency section */

/* Begin XCBuildConfiguration section */
		5946BADD2B17B33200803E95 /* Debug */ = {
			isa = XCBuildConfiguration;
			buildSettings = {
				ALWAYS_SEARCH_USER_PATHS = NO;
				CLANG_ANALYZER_NONNULL = YES;
				CLANG_ANALYZER_NUMBER_OBJECT_CONVERSION = YES_AGGRESSIVE;
				CLANG_CXX_LANGUAGE_STANDARD = "gnu++20";
				CLANG_ENABLE_MODULES = YES;
				CLANG_ENABLE_OBJC_ARC = YES;
				CLANG_ENABLE_OBJC_WEAK = YES;
				CLANG_WARN_BLOCK_CAPTURE_AUTORELEASING = YES;
				CLANG_WARN_BOOL_CONVERSION = YES;
				CLANG_WARN_COMMA = YES;
				CLANG_WARN_CONSTANT_CONVERSION = YES;
				CLANG_WARN_DEPRECATED_OBJC_IMPLEMENTATIONS = YES;
				CLANG_WARN_DIRECT_OBJC_ISA_USAGE = YES_ERROR;
				CLANG_WARN_DOCUMENTATION_COMMENTS = YES;
				CLANG_WARN_EMPTY_BODY = YES;
				CLANG_WARN_ENUM_CONVERSION = YES;
				CLANG_WARN_INFINITE_RECURSION = YES;
				CLANG_WARN_INT_CONVERSION = YES;
				CLANG_WARN_NON_LITERAL_NULL_CONVERSION = YES;
				CLANG_WARN_OBJC_IMPLICIT_RETAIN_SELF = YES;
				CLANG_WARN_OBJC_LITERAL_CONVERSION = YES;
				CLANG_WARN_OBJC_ROOT_CLASS = YES_ERROR;
				CLANG_WARN_QUOTED_INCLUDE_IN_FRAMEWORK_HEADER = YES;
				CLANG_WARN_RANGE_LOOP_ANALYSIS = YES;
				CLANG_WARN_STRICT_PROTOTYPES = YES;
				CLANG_WARN_SUSPICIOUS_MOVE = YES;
				CLANG_WARN_UNGUARDED_AVAILABILITY = YES_AGGRESSIVE;
				CLANG_WARN_UNREACHABLE_CODE = YES;
				CLANG_WARN__DUPLICATE_METHOD_MATCH = YES;
				COPY_PHASE_STRIP = NO;
				DEBUG_INFORMATION_FORMAT = dwarf;
				ENABLE_STRICT_OBJC_MSGSEND = YES;
				ENABLE_TESTABILITY = YES;
				GCC_C_LANGUAGE_STANDARD = gnu11;
				GCC_DYNAMIC_NO_PIC = NO;
				GCC_NO_COMMON_BLOCKS = YES;
				GCC_OPTIMIZATION_LEVEL = 0;
				GCC_PREPROCESSOR_DEFINITIONS = (
					"DEBUG=1",
					"$(inherited)",
				);
				GCC_WARN_64_TO_32_BIT_CONVERSION = YES;
				GCC_WARN_ABOUT_RETURN_TYPE = YES_ERROR;
				GCC_WARN_UNDECLARED_SELECTOR = YES;
				GCC_WARN_UNINITIALIZED_AUTOS = YES_AGGRESSIVE;
				GCC_WARN_UNUSED_FUNCTION = YES;
				GCC_WARN_UNUSED_VARIABLE = YES;
				IPHONEOS_DEPLOYMENT_TARGET = 16.2;
				MTL_ENABLE_DEBUG_INFO = INCLUDE_SOURCE;
				MTL_FAST_MATH = YES;
				ONLY_ACTIVE_ARCH = YES;
				SDKROOT = iphoneos;
				SWIFT_ACTIVE_COMPILATION_CONDITIONS = DEBUG;
				SWIFT_OPTIMIZATION_LEVEL = "-Onone";
			};
			name = Debug;
		};
		5946BADE2B17B33200803E95 /* Release */ = {
			isa = XCBuildConfiguration;
			buildSettings = {
				ALWAYS_SEARCH_USER_PATHS = NO;
				CLANG_ANALYZER_NONNULL = YES;
				CLANG_ANALYZER_NUMBER_OBJECT_CONVERSION = YES_AGGRESSIVE;
				CLANG_CXX_LANGUAGE_STANDARD = "gnu++20";
				CLANG_ENABLE_MODULES = YES;
				CLANG_ENABLE_OBJC_ARC = YES;
				CLANG_ENABLE_OBJC_WEAK = YES;
				CLANG_WARN_BLOCK_CAPTURE_AUTORELEASING = YES;
				CLANG_WARN_BOOL_CONVERSION = YES;
				CLANG_WARN_COMMA = YES;
				CLANG_WARN_CONSTANT_CONVERSION = YES;
				CLANG_WARN_DEPRECATED_OBJC_IMPLEMENTATIONS = YES;
				CLANG_WARN_DIRECT_OBJC_ISA_USAGE = YES_ERROR;
				CLANG_WARN_DOCUMENTATION_COMMENTS = YES;
				CLANG_WARN_EMPTY_BODY = YES;
				CLANG_WARN_ENUM_CONVERSION = YES;
				CLANG_WARN_INFINITE_RECURSION = YES;
				CLANG_WARN_INT_CONVERSION = YES;
				CLANG_WARN_NON_LITERAL_NULL_CONVERSION = YES;
				CLANG_WARN_OBJC_IMPLICIT_RETAIN_SELF = YES;
				CLANG_WARN_OBJC_LITERAL_CONVERSION = YES;
				CLANG_WARN_OBJC_ROOT_CLASS = YES_ERROR;
				CLANG_WARN_QUOTED_INCLUDE_IN_FRAMEWORK_HEADER = YES;
				CLANG_WARN_RANGE_LOOP_ANALYSIS = YES;
				CLANG_WARN_STRICT_PROTOTYPES = YES;
				CLANG_WARN_SUSPICIOUS_MOVE = YES;
				CLANG_WARN_UNGUARDED_AVAILABILITY = YES_AGGRESSIVE;
				CLANG_WARN_UNREACHABLE_CODE = YES;
				CLANG_WARN__DUPLICATE_METHOD_MATCH = YES;
				COPY_PHASE_STRIP = NO;
				DEBUG_INFORMATION_FORMAT = "dwarf-with-dsym";
				ENABLE_NS_ASSERTIONS = NO;
				ENABLE_STRICT_OBJC_MSGSEND = YES;
				GCC_C_LANGUAGE_STANDARD = gnu11;
				GCC_NO_COMMON_BLOCKS = YES;
				GCC_WARN_64_TO_32_BIT_CONVERSION = YES;
				GCC_WARN_ABOUT_RETURN_TYPE = YES_ERROR;
				GCC_WARN_UNDECLARED_SELECTOR = YES;
				GCC_WARN_UNINITIALIZED_AUTOS = YES_AGGRESSIVE;
				GCC_WARN_UNUSED_FUNCTION = YES;
				GCC_WARN_UNUSED_VARIABLE = YES;
				IPHONEOS_DEPLOYMENT_TARGET = 16.2;
				MTL_ENABLE_DEBUG_INFO = NO;
				MTL_FAST_MATH = YES;
				SDKROOT = iphoneos;
				SWIFT_COMPILATION_MODE = wholemodule;
				SWIFT_OPTIMIZATION_LEVEL = "-O";
				VALIDATE_PRODUCT = YES;
			};
			name = Release;
		};
		5946BAE02B17B33200803E95 /* Debug */ = {
			isa = XCBuildConfiguration;
			buildSettings = {
				ASSETCATALOG_COMPILER_APPICON_NAME = AppIcon;
				ASSETCATALOG_COMPILER_GLOBAL_ACCENT_COLOR_NAME = AccentColor;
				CODE_SIGN_STYLE = Automatic;
				CURRENT_PROJECT_VERSION = 1;
				DEVELOPMENT_ASSET_PATHS = "\"biomarkers/Preview Content\"";
				ENABLE_PREVIEWS = YES;
				GENERATE_INFOPLIST_FILE = YES;
				INFOPLIST_KEY_UIApplicationSceneManifest_Generation = YES;
				INFOPLIST_KEY_UIApplicationSupportsIndirectInputEvents = YES;
				INFOPLIST_KEY_UILaunchScreen_Generation = YES;
				INFOPLIST_KEY_UISupportedInterfaceOrientations_iPad = "UIInterfaceOrientationPortrait UIInterfaceOrientationPortraitUpsideDown UIInterfaceOrientationLandscapeLeft UIInterfaceOrientationLandscapeRight";
				INFOPLIST_KEY_UISupportedInterfaceOrientations_iPhone = "UIInterfaceOrientationPortrait UIInterfaceOrientationLandscapeLeft UIInterfaceOrientationLandscapeRight";
				LD_RUNPATH_SEARCH_PATHS = (
					"$(inherited)",
					"@executable_path/Frameworks",
				);
				MARKETING_VERSION = 1.0;
				PRODUCT_BUNDLE_IDENTIFIER = in.sixeleven.biomarkers;
				PRODUCT_NAME = "$(TARGET_NAME)";
				SWIFT_EMIT_LOC_STRINGS = YES;
				SWIFT_VERSION = 5.0;
				TARGETED_DEVICE_FAMILY = "1,2";
			};
			name = Debug;
		};
		5946BAE12B17B33200803E95 /* Release */ = {
			isa = XCBuildConfiguration;
			buildSettings = {
				ASSETCATALOG_COMPILER_APPICON_NAME = AppIcon;
				ASSETCATALOG_COMPILER_GLOBAL_ACCENT_COLOR_NAME = AccentColor;
				CODE_SIGN_STYLE = Automatic;
				CURRENT_PROJECT_VERSION = 1;
				DEVELOPMENT_ASSET_PATHS = "\"biomarkers/Preview Content\"";
				ENABLE_PREVIEWS = YES;
				GENERATE_INFOPLIST_FILE = YES;
				INFOPLIST_KEY_UIApplicationSceneManifest_Generation = YES;
				INFOPLIST_KEY_UIApplicationSupportsIndirectInputEvents = YES;
				INFOPLIST_KEY_UILaunchScreen_Generation = YES;
				INFOPLIST_KEY_UISupportedInterfaceOrientations_iPad = "UIInterfaceOrientationPortrait UIInterfaceOrientationPortraitUpsideDown UIInterfaceOrientationLandscapeLeft UIInterfaceOrientationLandscapeRight";
				INFOPLIST_KEY_UISupportedInterfaceOrientations_iPhone = "UIInterfaceOrientationPortrait UIInterfaceOrientationLandscapeLeft UIInterfaceOrientationLandscapeRight";
				LD_RUNPATH_SEARCH_PATHS = (
					"$(inherited)",
					"@executable_path/Frameworks",
				);
				MARKETING_VERSION = 1.0;
				PRODUCT_BUNDLE_IDENTIFIER = in.sixeleven.biomarkers;
				PRODUCT_NAME = "$(TARGET_NAME)";
				SWIFT_EMIT_LOC_STRINGS = YES;
				SWIFT_VERSION = 5.0;
				TARGETED_DEVICE_FAMILY = "1,2";
			};
			name = Release;
		};
		5946BAE32B17B33200803E95 /* Debug */ = {
			isa = XCBuildConfiguration;
			buildSettings = {
				ALWAYS_EMBED_SWIFT_STANDARD_LIBRARIES = YES;
				BUNDLE_LOADER = "$(TEST_HOST)";
				CODE_SIGN_STYLE = Automatic;
				CURRENT_PROJECT_VERSION = 1;
				GENERATE_INFOPLIST_FILE = YES;
				IPHONEOS_DEPLOYMENT_TARGET = 16.2;
				MARKETING_VERSION = 1.0;
				PRODUCT_BUNDLE_IDENTIFIER = in.sixeleven.biomarkersTests;
				PRODUCT_NAME = "$(TARGET_NAME)";
				SWIFT_EMIT_LOC_STRINGS = NO;
				SWIFT_VERSION = 5.0;
				TARGETED_DEVICE_FAMILY = "1,2";
				TEST_HOST = "$(BUILT_PRODUCTS_DIR)/biomarkers.app/$(BUNDLE_EXECUTABLE_FOLDER_PATH)/biomarkers";
			};
			name = Debug;
		};
		5946BAE42B17B33200803E95 /* Release */ = {
			isa = XCBuildConfiguration;
			buildSettings = {
				ALWAYS_EMBED_SWIFT_STANDARD_LIBRARIES = YES;
				BUNDLE_LOADER = "$(TEST_HOST)";
				CODE_SIGN_STYLE = Automatic;
				CURRENT_PROJECT_VERSION = 1;
				GENERATE_INFOPLIST_FILE = YES;
				IPHONEOS_DEPLOYMENT_TARGET = 16.2;
				MARKETING_VERSION = 1.0;
				PRODUCT_BUNDLE_IDENTIFIER = in.sixeleven.biomarkersTests;
				PRODUCT_NAME = "$(TARGET_NAME)";
				SWIFT_EMIT_LOC_STRINGS = NO;
				SWIFT_VERSION = 5.0;
				TARGETED_DEVICE_FAMILY = "1,2";
				TEST_HOST = "$(BUILT_PRODUCTS_DIR)/biomarkers.app/$(BUNDLE_EXECUTABLE_FOLDER_PATH)/biomarkers";
			};
			name = Release;
		};
		5946BAE62B17B33200803E95 /* Debug */ = {
			isa = XCBuildConfiguration;
			buildSettings = {
				ALWAYS_EMBED_SWIFT_STANDARD_LIBRARIES = YES;
				CODE_SIGN_STYLE = Automatic;
				CURRENT_PROJECT_VERSION = 1;
				GENERATE_INFOPLIST_FILE = YES;
				MARKETING_VERSION = 1.0;
				PRODUCT_BUNDLE_IDENTIFIER = in.sixeleven.biomarkersUITests;
				PRODUCT_NAME = "$(TARGET_NAME)";
				SWIFT_EMIT_LOC_STRINGS = NO;
				SWIFT_VERSION = 5.0;
				TARGETED_DEVICE_FAMILY = "1,2";
				TEST_TARGET_NAME = biomarkers;
			};
			name = Debug;
		};
		5946BAE72B17B33200803E95 /* Release */ = {
			isa = XCBuildConfiguration;
			buildSettings = {
				ALWAYS_EMBED_SWIFT_STANDARD_LIBRARIES = YES;
				CODE_SIGN_STYLE = Automatic;
				CURRENT_PROJECT_VERSION = 1;
				GENERATE_INFOPLIST_FILE = YES;
				MARKETING_VERSION = 1.0;
				PRODUCT_BUNDLE_IDENTIFIER = in.sixeleven.biomarkersUITests;
				PRODUCT_NAME = "$(TARGET_NAME)";
				SWIFT_EMIT_LOC_STRINGS = NO;
				SWIFT_VERSION = 5.0;
				TARGETED_DEVICE_FAMILY = "1,2";
				TEST_TARGET_NAME = biomarkers;
			};
			name = Release;
		};
/* End XCBuildConfiguration section */

/* Begin XCConfigurationList section */
		5946BAB62B17B33000803E95 /* Build configuration list for PBXProject "biomarkers" */ = {
			isa = XCConfigurationList;
			buildConfigurations = (
				5946BADD2B17B33200803E95 /* Debug */,
				5946BADE2B17B33200803E95 /* Release */,
			);
			defaultConfigurationIsVisible = 0;
			defaultConfigurationName = Release;
		};
		5946BADF2B17B33200803E95 /* Build configuration list for PBXNativeTarget "biomarkers" */ = {
			isa = XCConfigurationList;
			buildConfigurations = (
				5946BAE02B17B33200803E95 /* Debug */,
				5946BAE12B17B33200803E95 /* Release */,
			);
			defaultConfigurationIsVisible = 0;
			defaultConfigurationName = Release;
		};
		5946BAE22B17B33200803E95 /* Build configuration list for PBXNativeTarget "biomarkersTests" */ = {
			isa = XCConfigurationList;
			buildConfigurations = (
				5946BAE32B17B33200803E95 /* Debug */,
				5946BAE42B17B33200803E95 /* Release */,
			);
			defaultConfigurationIsVisible = 0;
			defaultConfigurationName = Release;
		};
		5946BAE52B17B33200803E95 /* Build configuration list for PBXNativeTarget "biomarkersUITests" */ = {
			isa = XCConfigurationList;
			buildConfigurations = (
				5946BAE62B17B33200803E95 /* Debug */,
				5946BAE72B17B33200803E95 /* Release */,
			);
			defaultConfigurationIsVisible = 0;
			defaultConfigurationName = Release;
		};
/* End XCConfigurationList section */
	};
	rootObject = 5946BAB32B17B33000803E95 /* Project object */;
}
